
Microsoft Visual Studio Solution File, Format Version 12.00
# Visual Studio Version 16
VisualStudioVersion = 16.0.30225.117
MinimumVisualStudioVersion = 10.0.40219.1
Project("{FAE04EC0-301F-11D3-BF4B-00C04F79EFBC}") = "The Ark", "The Ark\The Ark.csproj", "{2D9B913B-B0C0-426D-A863-3CDDB0B960BC}"
EndProject
Global
	GlobalSection(SolutionConfigurationPlatforms) = preSolution
		Debug|Any CPU = Debug|Any CPU
		Release|Any CPU = Release|Any CPU
	EndGlobalSection
	GlobalSection(ProjectConfigurationPlatforms) = postSolution
		{2D9B913B-B0C0-426D-A863-3CDDB0B960BC}.Debug|Any CPU.ActiveCfg = Debug|Any CPU
		{2D9B913B-B0C0-426D-A863-3CDDB0B960BC}.Debug|Any CPU.Build.0 = Debug|Any CPU
		{2D9B913B-B0C0-426D-A863-3CDDB0B960BC}.Release|Any CPU.ActiveCfg = Release|Any CPU
		{2D9B913B-B0C0-426D-A863-3CDDB0B960BC}.Release|Any CPU.Build.0 = Release|Any CPU
	EndGlobalSection
	GlobalSection(SolutionProperties) = preSolution
		HideSolutionNode = FALSE
	EndGlobalSection
	GlobalSection(ExtensibilityGlobals) = postSolution
		SolutionGuid = {A1A95622-8B7B-4B50-B97A-92CAE0F44530}
	EndGlobalSection
EndGlobal
